
Microsoft Visual Studio Solution File, Format Version 12.00
# Visual Studio Version 17
VisualStudioVersion = 17.9.34723.18
MinimumVisualStudioVersion = 10.0.40219.1
Project("{FAE04EC0-301F-11D3-BF4B-00C04F79EFBC}") = "FileDirOpdracht", "FileDirOpdracht\FileDirOpdracht.csproj", "{425D6F7B-1973-46ED-9D2B-F35EDFD48720}"
EndProject
Global
	GlobalSection(SolutionConfigurationPlatforms) = preSolution
		Debug|Any CPU = Debug|Any CPU
		Release|Any CPU = Release|Any CPU
	EndGlobalSection
	GlobalSection(ProjectConfigurationPlatforms) = postSolution
		{425D6F7B-1973-46ED-9D2B-F35EDFD48720}.Debug|Any CPU.ActiveCfg = Debug|Any CPU
		{425D6F7B-1973-46ED-9D2B-F35EDFD48720}.Debug|Any CPU.Build.0 = Debug|Any CPU
		{425D6F7B-1973-46ED-9D2B-F35EDFD48720}.Release|Any CPU.ActiveCfg = Release|Any CPU
		{425D6F7B-1973-46ED-9D2B-F35EDFD48720}.Release|Any CPU.Build.0 = Release|Any CPU
	EndGlobalSection
	GlobalSection(SolutionProperties) = preSolution
		HideSolutionNode = FALSE
	EndGlobalSection
	GlobalSection(ExtensibilityGlobals) = postSolution
		SolutionGuid = {D714CB83-8804-4536-AFF8-17D297129787}
	EndGlobalSection
EndGlobal
